
Microsoft Visual Studio Solution File, Format Version 12.00
# Visual Studio Version 17
VisualStudioVersion = 17.7.34221.43
MinimumVisualStudioVersion = 10.0.40219.1
Project("{FAE04EC0-301F-11D3-BF4B-00C04F79EFBC}") = "WebApi", "WebApi.csproj", "{66B448CC-2EC6-4AB1-BA47-9819A2D9A405}"
EndProject
Project("{FAE04EC0-301F-11D3-BF4B-00C04F79EFBC}") = "Domain", "..\Domain\Domain.csproj", "{F2C95854-A564-4410-BD65-4F6BF2351F64}"
EndProject
Project("{FAE04EC0-301F-11D3-BF4B-00C04F79EFBC}") = "Application", "..\Application\Application.csproj", "{E44ADE7F-B8D5-45DD-8D66-63542625712C}"
EndProject
Global
	GlobalSection(SolutionConfigurationPlatforms) = preSolution
		Debug|Any CPU = Debug|Any CPU
		Release|Any CPU = Release|Any CPU
	EndGlobalSection
	GlobalSection(ProjectConfigurationPlatforms) = postSolution
		{66B448CC-2EC6-4AB1-BA47-9819A2D9A405}.Debug|Any CPU.ActiveCfg = Debug|Any CPU
		{66B448CC-2EC6-4AB1-BA47-9819A2D9A405}.Debug|Any CPU.Build.0 = Debug|Any CPU
		{66B448CC-2EC6-4AB1-BA47-9819A2D9A405}.Release|Any CPU.ActiveCfg = Release|Any CPU
		{66B448CC-2EC6-4AB1-BA47-9819A2D9A405}.Release|Any CPU.Build.0 = Release|Any CPU
		{F2C95854-A564-4410-BD65-4F6BF2351F64}.Debug|Any CPU.ActiveCfg = Debug|Any CPU
		{F2C95854-A564-4410-BD65-4F6BF2351F64}.Debug|Any CPU.Build.0 = Debug|Any CPU
		{F2C95854-A564-4410-BD65-4F6BF2351F64}.Release|Any CPU.ActiveCfg = Release|Any CPU
		{F2C95854-A564-4410-BD65-4F6BF2351F64}.Release|Any CPU.Build.0 = Release|Any CPU
		{E44ADE7F-B8D5-45DD-8D66-63542625712C}.Debug|Any CPU.ActiveCfg = Debug|Any CPU
		{E44ADE7F-B8D5-45DD-8D66-63542625712C}.Debug|Any CPU.Build.0 = Debug|Any CPU
		{E44ADE7F-B8D5-45DD-8D66-63542625712C}.Release|Any CPU.ActiveCfg = Release|Any CPU
		{E44ADE7F-B8D5-45DD-8D66-63542625712C}.Release|Any CPU.Build.0 = Release|Any CPU
	EndGlobalSection
	GlobalSection(SolutionProperties) = preSolution
		HideSolutionNode = FALSE
	EndGlobalSection
	GlobalSection(ExtensibilityGlobals) = postSolution
		SolutionGuid = {425696CF-D006-4DDA-B742-8CBEE1110D54}
	EndGlobalSection
EndGlobal
